version = 1
revision = 1
requires-python = ">=3.13"

[[package]]
name = "faker"
version = "37.0.0"
source = { registry = "https://pypi.org/simple" }
dependencies = [
    { name = "tzdata" },
]
sdist = { url = "https://files.pythonhosted.org/packages/82/c6/6820408cdd87c11f1fbbd2349b05bbda28174d746e6d708ad0f0a934f9d7/faker-37.0.0.tar.gz", hash = "sha256:d2e4e2a30d459a8ec0ae52a552aa51c48973cb32cf51107dee90f58a8322a880", size = 1875487 }
wheels = [
    { url = "https://files.pythonhosted.org/packages/c6/03/0ffcbc5ab352c266a648d029f79de54ca205c04661203d46a42e3f03492b/faker-37.0.0-py3-none-any.whl", hash = "sha256:2598f78b76710a4ed05e197dda5235be409b4c291ba5c9c7514989cfbc7a5144", size = 1918764 },
]

[[package]]
name = "generator"
version = "0.1.0"
source = { virtual = "." }
dependencies = [
    { name = "faker" },
    { name = "kafka-python" },
    { name = "psycopg" },
]

[package.metadata]
requires-dist = [
    { name = "faker", specifier = ">=37.0.0" },
    { name = "kafka-python", specifier = ">=2.0.6" },
    { name = "psycopg", specifier = ">=3.2.6" },
]

[[package]]
name = "kafka-python"
version = "2.0.6"
source = { registry = "https://pypi.org/simple" }
sdist = { url = "https://files.pythonhosted.org/packages/4f/ea/a084e240b0c2d3cc79b22c3ad8e7ed23293d362f22aaebd24e25bb38f21d/kafka_python-2.0.6.tar.gz", hash = "sha256:3ac47e7c41a67a1c23f1856c1953594440bb3d9cd532ad70e353982724e5d52d", size = 282472 }
wheels = [
    { url = "https://files.pythonhosted.org/packages/64/28/348b014ccbc13acb2000f136b8d525de94ba1a5e6c4b558a9a535baf010a/kafka_python-2.0.6-py2.py3-none-any.whl", hash = "sha256:a2fdb00eaea7a827f5f74693365af6b615ff0795860261d8ebaad2bb5bc73e81", size = 252105 },
]

[[package]]
name = "psycopg"
version = "3.2.6"
source = { registry = "https://pypi.org/simple" }
dependencies = [
    { name = "tzdata", marker = "sys_platform == 'win32'" },
]
sdist = { url = "https://files.pythonhosted.org/packages/67/97/eea08f74f1c6dd2a02ee81b4ebfe5b558beb468ebbd11031adbf58d31be0/psycopg-3.2.6.tar.gz", hash = "sha256:16fa094efa2698f260f2af74f3710f781e4a6f226efe9d1fd0c37f384639ed8a", size = 156322 }
wheels = [
    { url = "https://files.pythonhosted.org/packages/d7/7d/0ba52deff71f65df8ec8038adad86ba09368c945424a9bd8145d679a2c6a/psycopg-3.2.6-py3-none-any.whl", hash = "sha256:f3ff5488525890abb0566c429146add66b329e20d6d4835662b920cbbf90ac58", size = 199077 },
]

[[package]]
name = "tzdata"
version = "2025.1"
source = { registry = "https://pypi.org/simple" }
sdist = { url = "https://files.pythonhosted.org/packages/43/0f/fa4723f22942480be4ca9527bbde8d43f6c3f2fe8412f00e7f5f6746bc8b/tzdata-2025.1.tar.gz", hash = "sha256:24894909e88cdb28bd1636c6887801df64cb485bd593f2fd83ef29075a81d694", size = 194950 }
wheels = [
    { url = "https://files.pythonhosted.org/packages/0f/dd/84f10e23edd882c6f968c21c2434fe67bd4a528967067515feca9e611e5e/tzdata-2025.1-py2.py3-none-any.whl", hash = "sha256:7e127113816800496f027041c570f50bcd464a020098a3b6b199517772303639", size = 346762 },
]
